
Microsoft Visual Studio Solution File, Format Version 12.00
# Visual Studio Version 16
VisualStudioVersion = 16.0.32228.343
MinimumVisualStudioVersion = 10.0.40219.1
Project("{FAE04EC0-301F-11D3-BF4B-00C04F79EFBC}") = "PasswordPictures.Web", "PasswordPictures\PasswordPictures.Web.csproj", "{0766DED9-5BDC-4F25-A4F7-1D6F7FB1FCD1}"
EndProject
Project("{FAE04EC0-301F-11D3-BF4B-00C04F79EFBC}") = "PasswordPictures.Data", "PasswordPictures.Data\PasswordPictures.Data.csproj", "{C9019AE3-45C6-47E4-9A20-A9F0BEEAB2E3}"
EndProject
Global
	GlobalSection(SolutionConfigurationPlatforms) = preSolution
		Debug|Any CPU = Debug|Any CPU
		Release|Any CPU = Release|Any CPU
	EndGlobalSection
	GlobalSection(ProjectConfigurationPlatforms) = postSolution
		{0766DED9-5BDC-4F25-A4F7-1D6F7FB1FCD1}.Debug|Any CPU.ActiveCfg = Debug|Any CPU
		{0766DED9-5BDC-4F25-A4F7-1D6F7FB1FCD1}.Debug|Any CPU.Build.0 = Debug|Any CPU
		{0766DED9-5BDC-4F25-A4F7-1D6F7FB1FCD1}.Release|Any CPU.ActiveCfg = Release|Any CPU
		{0766DED9-5BDC-4F25-A4F7-1D6F7FB1FCD1}.Release|Any CPU.Build.0 = Release|Any CPU
		{C9019AE3-45C6-47E4-9A20-A9F0BEEAB2E3}.Debug|Any CPU.ActiveCfg = Debug|Any CPU
		{C9019AE3-45C6-47E4-9A20-A9F0BEEAB2E3}.Debug|Any CPU.Build.0 = Debug|Any CPU
		{C9019AE3-45C6-47E4-9A20-A9F0BEEAB2E3}.Release|Any CPU.ActiveCfg = Release|Any CPU
		{C9019AE3-45C6-47E4-9A20-A9F0BEEAB2E3}.Release|Any CPU.Build.0 = Release|Any CPU
	EndGlobalSection
	GlobalSection(SolutionProperties) = preSolution
		HideSolutionNode = FALSE
	EndGlobalSection
	GlobalSection(ExtensibilityGlobals) = postSolution
		SolutionGuid = {852E95B8-A639-4ED9-8914-E28371F90458}
	EndGlobalSection
EndGlobal
